
Microsoft Visual Studio Solution File, Format Version 12.00
# Visual Studio 15
VisualStudioVersion = 15.0.27428.2043
MinimumVisualStudioVersion = 10.0.40219.1
Project("{FAE04EC0-301F-11D3-BF4B-00C04F79EFBC}") = "Mvb.Android", "Mvb\Mvb.Android\Mvb.Android.csproj", "{0B3F30BA-EDC6-4452-A498-EA9EBC6B3B2C}"
EndProject
Project("{FAE04EC0-301F-11D3-BF4B-00C04F79EFBC}") = "Mvb.iOS", "Mvb\Mvb.iOS\Mvb.iOS.csproj", "{09748055-5C80-4907-BCE8-0210E9604931}"
EndProject
Project("{FAE04EC0-301F-11D3-BF4B-00C04F79EFBC}") = "Mvb.UWP", "Mvb\Mvb.UWP\Mvb.UWP.csproj", "{6CCDE05E-39E0-433B-BDB3-D17E7B48F541}"
EndProject
Project("{9A19103F-16F7-4668-BE54-9A1E7A4F7556}") = "Mvb", "Mvb\Mvb\Mvb.csproj", "{70933ADB-F996-46AA-8296-0F6A6A762300}"
EndProject
Project("{2150E333-8FDC-42A3-9474-1A3956D46DE8}") = "Prism", "Prism", "{5E89E096-DBF0-48BC-A7D5-E209FF5E52BF}"
EndProject
Project("{9A19103F-16F7-4668-BE54-9A1E7A4F7556}") = "Prism", "Prism\Prism\Prism.csproj", "{B5EFB0CD-EF3E-4549-B9ED-2B73AA150E38}"
EndProject
Project("{9A19103F-16F7-4668-BE54-9A1E7A4F7556}") = "Prism.Forms", "Prism\Xamarin\Prism.Forms\Prism.Forms.csproj", "{9CD66AAD-296D-4BB5-BCD8-F32FC3A49AF0}"
EndProject
Project("{9A19103F-16F7-4668-BE54-9A1E7A4F7556}") = "Prism.Unity.Forms", "Prism\Xamarin\Prism.Unity.Forms\Prism.Unity.Forms.csproj", "{1EE208A5-CD31-4CF0-83E4-C3141CD11CC1}"
EndProject
Project("{FAE04EC0-301F-11D3-BF4B-00C04F79EFBC}") = "MyXamarinUtils", "MyXamarinUtils\MyXamarinUtils.csproj", "{00F8ED97-50EF-4C1C-841C-9A0D61FD9949}"
EndProject
Global
	GlobalSection(SolutionConfigurationPlatforms) = preSolution
		Ad-Hoc|Any CPU = Ad-Hoc|Any CPU
		Ad-Hoc|ARM = Ad-Hoc|ARM
		Ad-Hoc|iPhone = Ad-Hoc|iPhone
		Ad-Hoc|iPhoneSimulator = Ad-Hoc|iPhoneSimulator
		Ad-Hoc|x64 = Ad-Hoc|x64
		Ad-Hoc|x86 = Ad-Hoc|x86
		AppStore|Any CPU = AppStore|Any CPU
		AppStore|ARM = AppStore|ARM
		AppStore|iPhone = AppStore|iPhone
		AppStore|iPhoneSimulator = AppStore|iPhoneSimulator
		AppStore|x64 = AppStore|x64
		AppStore|x86 = AppStore|x86
		Debug|Any CPU = Debug|Any CPU
		Debug|ARM = Debug|ARM
		Debug|iPhone = Debug|iPhone
		Debug|iPhoneSimulator = Debug|iPhoneSimulator
		Debug|x64 = Debug|x64
		Debug|x86 = Debug|x86
		Release|Any CPU = Release|Any CPU
		Release|ARM = Release|ARM
		Release|iPhone = Release|iPhone
		Release|iPhoneSimulator = Release|iPhoneSimulator
		Release|x64 = Release|x64
		Release|x86 = Release|x86
	EndGlobalSection
	GlobalSection(ProjectConfigurationPlatforms) = postSolution
		{0B3F30BA-EDC6-4452-A498-EA9EBC6B3B2C}.Ad-Hoc|Any CPU.ActiveCfg = Release|Any CPU
		{0B3F30BA-EDC6-4452-A498-EA9EBC6B3B2C}.Ad-Hoc|Any CPU.Build.0 = Release|Any CPU
		{0B3F30BA-EDC6-4452-A498-EA9EBC6B3B2C}.Ad-Hoc|Any CPU.Deploy.0 = Release|Any CPU
		{0B3F30BA-EDC6-4452-A498-EA9EBC6B3B2C}.Ad-Hoc|ARM.ActiveCfg = Release|Any CPU
		{0B3F30BA-EDC6-4452-A498-EA9EBC6B3B2C}.Ad-Hoc|ARM.Build.0 = Release|Any CPU
		{0B3F30BA-EDC6-4452-A498-EA9EBC6B3B2C}.Ad-Hoc|ARM.Deploy.0 = Release|Any CPU
		{0B3F30BA-EDC6-4452-A498-EA9EBC6B3B2C}.Ad-Hoc|iPhone.ActiveCfg = Release|Any CPU
		{0B3F30BA-EDC6-4452-A498-EA9EBC6B3B2C}.Ad-Hoc|iPhone.Build.0 = Release|Any CPU
		{0B3F30BA-EDC6-4452-A498-EA9EBC6B3B2C}.Ad-Hoc|iPhone.Deploy.0 = Release|Any CPU
		{0B3F30BA-EDC6-4452-A498-EA9EBC6B3B2C}.Ad-Hoc|iPhoneSimulator.ActiveCfg = Release|Any CPU
		{0B3F30BA-EDC6-4452-A498-EA9EBC6B3B2C}.Ad-Hoc|iPhoneSimulator.Build.0 = Release|Any CPU
		{0B3F30BA-EDC6-4452-A498-EA9EBC6B3B2C}.Ad-Hoc|iPhoneSimulator.Deploy.0 = Release|Any CPU
		{0B3F30BA-EDC6-4452-A498-EA9EBC6B3B2C}.Ad-Hoc|x64.ActiveCfg = Release|Any CPU
		{0B3F30BA-EDC6-4452-A498-EA9EBC6B3B2C}.Ad-Hoc|x64.Build.0 = Release|Any CPU
		{0B3F30BA-EDC6-4452-A498-EA9EBC6B3B2C}.Ad-Hoc|x64.Deploy.0 = Release|Any CPU
		{0B3F30BA-EDC6-4452-A498-EA9EBC6B3B2C}.Ad-Hoc|x86.ActiveCfg = Release|Any CPU
		{0B3F30BA-EDC6-4452-A498-EA9EBC6B3B2C}.Ad-Hoc|x86.Build.0 = Release|Any CPU
		{0B3F30BA-EDC6-4452-A498-EA9EBC6B3B2C}.Ad-Hoc|x86.Deploy.0 = Release|Any CPU
		{0B3F30BA-EDC6-4452-A498-EA9EBC6B3B2C}.AppStore|Any CPU.ActiveCfg = Release|Any CPU
		{0B3F30BA-EDC6-4452-A498-EA9EBC6B3B2C}.AppStore|Any CPU.Build.0 = Release|Any CPU
		{0B3F30BA-EDC6-4452-A498-EA9EBC6B3B2C}.AppStore|Any CPU.Deploy.0 = Release|Any CPU
		{0B3F30BA-EDC6-4452-A498-EA9EBC6B3B2C}.AppStore|ARM.ActiveCfg = Release|Any CPU
		{0B3F30BA-EDC6-4452-A498-EA9EBC6B3B2C}.AppStore|ARM.Build.0 = Release|Any CPU
		{0B3F30BA-EDC6-4452-A498-EA9EBC6B3B2C}.AppStore|ARM.Deploy.0 = Release|Any CPU
		{0B3F30BA-EDC6-4452-A498-EA9EBC6B3B2C}.AppStore|iPhone.ActiveCfg = Release|Any CPU
		{0B3F30BA-EDC6-4452-A498-EA9EBC6B3B2C}.AppStore|iPhone.Build.0 = Release|Any CPU
		{0B3F30BA-EDC6-4452-A498-EA9EBC6B3B2C}.AppStore|iPhone.Deploy.0 = Release|Any CPU
		{0B3F30BA-EDC6-4452-A498-EA9EBC6B3B2C}.AppStore|iPhoneSimulator.ActiveCfg = Release|Any CPU
		{0B3F30BA-EDC6-4452-A498-EA9EBC6B3B2C}.AppStore|iPhoneSimulator.Build.0 = Release|Any CPU
		{0B3F30BA-EDC6-4452-A498-EA9EBC6B3B2C}.AppStore|iPhoneSimulator.Deploy.0 = Release|Any CPU
		{0B3F30BA-EDC6-4452-A498-EA9EBC6B3B2C}.AppStore|x64.ActiveCfg = Release|Any CPU
		{0B3F30BA-EDC6-4452-A498-EA9EBC6B3B2C}.AppStore|x64.Build.0 = Release|Any CPU
		{0B3F30BA-EDC6-4452-A498-EA9EBC6B3B2C}.AppStore|x64.Deploy.0 = Release|Any CPU
		{0B3F30BA-EDC6-4452-A498-EA9EBC6B3B2C}.AppStore|x86.ActiveCfg = Release|Any CPU
		{0B3F30BA-EDC6-4452-A498-EA9EBC6B3B2C}.AppStore|x86.Build.0 = Release|Any CPU
		{0B3F30BA-EDC6-4452-A498-EA9EBC6B3B2C}.AppStore|x86.Deploy.0 = Release|Any CPU
		{0B3F30BA-EDC6-4452-A498-EA9EBC6B3B2C}.Debug|Any CPU.ActiveCfg = Debug|Any CPU
		{0B3F30BA-EDC6-4452-A498-EA9EBC6B3B2C}.Debug|Any CPU.Build.0 = Debug|Any CPU
		{0B3F30BA-EDC6-4452-A498-EA9EBC6B3B2C}.Debug|Any CPU.Deploy.0 = Debug|Any CPU
		{0B3F30BA-EDC6-4452-A498-EA9EBC6B3B2C}.Debug|ARM.ActiveCfg = Debug|Any CPU
		{0B3F30BA-EDC6-4452-A498-EA9EBC6B3B2C}.Debug|ARM.Build.0 = Debug|Any CPU
		{0B3F30BA-EDC6-4452-A498-EA9EBC6B3B2C}.Debug|ARM.Deploy.0 = Debug|Any CPU
		{0B3F30BA-EDC6-4452-A498-EA9EBC6B3B2C}.Debug|iPhone.ActiveCfg = Debug|Any CPU
		{0B3F30BA-EDC6-4452-A498-EA9EBC6B3B2C}.Debug|iPhone.Build.0 = Debug|Any CPU
		{0B3F30BA-EDC6-4452-A498-EA9EBC6B3B2C}.Debug|iPhone.Deploy.0 = Debug|Any CPU
		{0B3F30BA-EDC6-4452-A498-EA9EBC6B3B2C}.Debug|iPhoneSimulator.ActiveCfg = Debug|Any CPU
		{0B3F30BA-EDC6-4452-A498-EA9EBC6B3B2C}.Debug|iPhoneSimulator.Build.0 = Debug|Any CPU
		{0B3F30BA-EDC6-4452-A498-EA9EBC6B3B2C}.Debug|iPhoneSimulator.Deploy.0 = Debug|Any CPU
		{0B3F30BA-EDC6-4452-A498-EA9EBC6B3B2C}.Debug|x64.ActiveCfg = Debug|Any CPU
		{0B3F30BA-EDC6-4452-A498-EA9EBC6B3B2C}.Debug|x64.Build.0 = Debug|Any CPU
		{0B3F30BA-EDC6-4452-A498-EA9EBC6B3B2C}.Debug|x64.Deploy.0 = Debug|Any CPU
		{0B3F30BA-EDC6-4452-A498-EA9EBC6B3B2C}.Debug|x86.ActiveCfg = Debug|Any CPU
		{0B3F30BA-EDC6-4452-A498-EA9EBC6B3B2C}.Debug|x86.Build.0 = Debug|Any CPU
		{0B3F30BA-EDC6-4452-A498-EA9EBC6B3B2C}.Debug|x86.Deploy.0 = Debug|Any CPU
		{0B3F30BA-EDC6-4452-A498-EA9EBC6B3B2C}.Release|Any CPU.ActiveCfg = Release|Any CPU
		{0B3F30BA-EDC6-4452-A498-EA9EBC6B3B2C}.Release|Any CPU.Build.0 = Release|Any CPU
		{0B3F30BA-EDC6-4452-A498-EA9EBC6B3B2C}.Release|Any CPU.Deploy.0 = Release|Any CPU
		{0B3F30BA-EDC6-4452-A498-EA9EBC6B3B2C}.Release|ARM.ActiveCfg = Release|Any CPU
		{0B3F30BA-EDC6-4452-A498-EA9EBC6B3B2C}.Release|ARM.Build.0 = Release|Any CPU
		{0B3F30BA-EDC6-4452-A498-EA9EBC6B3B2C}.Release|ARM.Deploy.0 = Release|Any CPU
		{0B3F30BA-EDC6-4452-A498-EA9EBC6B3B2C}.Release|iPhone.ActiveCfg = Release|Any CPU
		{0B3F30BA-EDC6-4452-A498-EA9EBC6B3B2C}.Release|iPhone.Build.0 = Release|Any CPU
		{0B3F30BA-EDC6-4452-A498-EA9EBC6B3B2C}.Release|iPhone.Deploy.0 = Release|Any CPU
		{0B3F30BA-EDC6-4452-A498-EA9EBC6B3B2C}.Release|iPhoneSimulator.ActiveCfg = Release|Any CPU
		{0B3F30BA-EDC6-4452-A498-EA9EBC6B3B2C}.Release|iPhoneSimulator.Build.0 = Release|Any CPU
		{0B3F30BA-EDC6-4452-A498-EA9EBC6B3B2C}.Release|iPhoneSimulator.Deploy.0 = Release|Any CPU
		{0B3F30BA-EDC6-4452-A498-EA9EBC6B3B2C}.Release|x64.ActiveCfg = Release|Any CPU
		{0B3F30BA-EDC6-4452-A498-EA9EBC6B3B2C}.Release|x64.Build.0 = Release|Any CPU
		{0B3F30BA-EDC6-4452-A498-EA9EBC6B3B2C}.Release|x64.Deploy.0 = Release|Any CPU
		{0B3F30BA-EDC6-4452-A498-EA9EBC6B3B2C}.Release|x86.ActiveCfg = Release|Any CPU
		{0B3F30BA-EDC6-4452-A498-EA9EBC6B3B2C}.Release|x86.Build.0 = Release|Any CPU
		{0B3F30BA-EDC6-4452-A498-EA9EBC6B3B2C}.Release|x86.Deploy.0 = Release|Any CPU
		{09748055-5C80-4907-BCE8-0210E9604931}.Ad-Hoc|Any CPU.ActiveCfg = Ad-Hoc|iPhone
		{09748055-5C80-4907-BCE8-0210E9604931}.Ad-Hoc|ARM.ActiveCfg = Ad-Hoc|iPhone
		{09748055-5C80-4907-BCE8-0210E9604931}.Ad-Hoc|iPhone.ActiveCfg = Ad-Hoc|iPhone
		{09748055-5C80-4907-BCE8-0210E9604931}.Ad-Hoc|iPhone.Build.0 = Ad-Hoc|iPhone
		{09748055-5C80-4907-BCE8-0210E9604931}.Ad-Hoc|iPhoneSimulator.ActiveCfg = Ad-Hoc|iPhoneSimulator
		{09748055-5C80-4907-BCE8-0210E9604931}.Ad-Hoc|iPhoneSimulator.Build.0 = Ad-Hoc|iPhoneSimulator
		{09748055-5C80-4907-BCE8-0210E9604931}.Ad-Hoc|x64.ActiveCfg = Ad-Hoc|iPhone
		{09748055-5C80-4907-BCE8-0210E9604931}.Ad-Hoc|x86.ActiveCfg = Ad-Hoc|iPhone
		{09748055-5C80-4907-BCE8-0210E9604931}.AppStore|Any CPU.ActiveCfg = AppStore|iPhone
		{09748055-5C80-4907-BCE8-0210E9604931}.AppStore|ARM.ActiveCfg = AppStore|iPhone
		{09748055-5C80-4907-BCE8-0210E9604931}.AppStore|iPhone.ActiveCfg = AppStore|iPhone
		{09748055-5C80-4907-BCE8-0210E9604931}.AppStore|iPhone.Build.0 = AppStore|iPhone
		{09748055-5C80-4907-BCE8-0210E9604931}.AppStore|iPhoneSimulator.ActiveCfg = AppStore|iPhoneSimulator
		{09748055-5C80-4907-BCE8-0210E9604931}.AppStore|iPhoneSimulator.Build.0 = AppStore|iPhoneSimulator
		{09748055-5C80-4907-BCE8-0210E9604931}.AppStore|x64.ActiveCfg = AppStore|iPhone
		{09748055-5C80-4907-BCE8-0210E9604931}.AppStore|x86.ActiveCfg = AppStore|iPhone
		{09748055-5C80-4907-BCE8-0210E9604931}.Debug|Any CPU.ActiveCfg = Debug|iPhone
		{09748055-5C80-4907-BCE8-0210E9604931}.Debug|Any CPU.Build.0 = Debug|iPhone
		{09748055-5C80-4907-BCE8-0210E9604931}.Debug|ARM.ActiveCfg = Debug|iPhone
		{09748055-5C80-4907-BCE8-0210E9604931}.Debug|iPhone.ActiveCfg = Debug|iPhone
		{09748055-5C80-4907-BCE8-0210E9604931}.Debug|iPhone.Build.0 = Debug|iPhone
		{09748055-5C80-4907-BCE8-0210E9604931}.Debug|iPhoneSimulator.ActiveCfg = Debug|iPhoneSimulator
		{09748055-5C80-4907-BCE8-0210E9604931}.Debug|iPhoneSimulator.Build.0 = Debug|iPhoneSimulator
		{09748055-5C80-4907-BCE8-0210E9604931}.Debug|x64.ActiveCfg = Debug|iPhone
		{09748055-5C80-4907-BCE8-0210E9604931}.Debug|x86.ActiveCfg = Debug|iPhone
		{09748055-5C80-4907-BCE8-0210E9604931}.Release|Any CPU.ActiveCfg = Release|iPhone
		{09748055-5C80-4907-BCE8-0210E9604931}.Release|ARM.ActiveCfg = Release|iPhone
		{09748055-5C80-4907-BCE8-0210E9604931}.Release|iPhone.ActiveCfg = Release|iPhone
		{09748055-5C80-4907-BCE8-0210E9604931}.Release|iPhone.Build.0 = Release|iPhone
		{09748055-5C80-4907-BCE8-0210E9604931}.Release|iPhoneSimulator.ActiveCfg = Release|iPhoneSimulator
		{09748055-5C80-4907-BCE8-0210E9604931}.Release|iPhoneSimulator.Build.0 = Release|iPhoneSimulator
		{09748055-5C80-4907-BCE8-0210E9604931}.Release|x64.ActiveCfg = Release|iPhone
		{09748055-5C80-4907-BCE8-0210E9604931}.Release|x86.ActiveCfg = Release|iPhone
		{6CCDE05E-39E0-433B-BDB3-D17E7B48F541}.Ad-Hoc|Any CPU.ActiveCfg = Release|x86
		{6CCDE05E-39E0-433B-BDB3-D17E7B48F541}.Ad-Hoc|Any CPU.Build.0 = Release|x86
		{6CCDE05E-39E0-433B-BDB3-D17E7B48F541}.Ad-Hoc|Any CPU.Deploy.0 = Release|x86
		{6CCDE05E-39E0-433B-BDB3-D17E7B48F541}.Ad-Hoc|ARM.ActiveCfg = Release|ARM
		{6CCDE05E-39E0-433B-BDB3-D17E7B48F541}.Ad-Hoc|ARM.Build.0 = Release|ARM
		{6CCDE05E-39E0-433B-BDB3-D17E7B48F541}.Ad-Hoc|ARM.Deploy.0 = Release|ARM
		{6CCDE05E-39E0-433B-BDB3-D17E7B48F541}.Ad-Hoc|iPhone.ActiveCfg = Release|x86
		{6CCDE05E-39E0-433B-BDB3-D17E7B48F541}.Ad-Hoc|iPhone.Build.0 = Release|x86
		{6CCDE05E-39E0-433B-BDB3-D17E7B48F541}.Ad-Hoc|iPhone.Deploy.0 = Release|x86
		{6CCDE05E-39E0-433B-BDB3-D17E7B48F541}.Ad-Hoc|iPhoneSimulator.ActiveCfg = Release|x86
		{6CCDE05E-39E0-433B-BDB3-D17E7B48F541}.Ad-Hoc|iPhoneSimulator.Build.0 = Release|x86
		{6CCDE05E-39E0-433B-BDB3-D17E7B48F541}.Ad-Hoc|iPhoneSimulator.Deploy.0 = Release|x86
		{6CCDE05E-39E0-433B-BDB3-D17E7B48F541}.Ad-Hoc|x64.ActiveCfg = Release|x64
		{6CCDE05E-39E0-433B-BDB3-D17E7B48F541}.Ad-Hoc|x64.Build.0 = Release|x64
		{6CCDE05E-39E0-433B-BDB3-D17E7B48F541}.Ad-Hoc|x64.Deploy.0 = Release|x64
		{6CCDE05E-39E0-433B-BDB3-D17E7B48F541}.Ad-Hoc|x86.ActiveCfg = Release|x86
		{6CCDE05E-39E0-433B-BDB3-D17E7B48F541}.Ad-Hoc|x86.Build.0 = Release|x86
		{6CCDE05E-39E0-433B-BDB3-D17E7B48F541}.Ad-Hoc|x86.Deploy.0 = Release|x86
		{6CCDE05E-39E0-433B-BDB3-D17E7B48F541}.AppStore|Any CPU.ActiveCfg = Release|x86
		{6CCDE05E-39E0-433B-BDB3-D17E7B48F541}.AppStore|Any CPU.Build.0 = Release|x86
		{6CCDE05E-39E0-433B-BDB3-D17E7B48F541}.AppStore|Any CPU.Deploy.0 = Release|x86
		{6CCDE05E-39E0-433B-BDB3-D17E7B48F541}.AppStore|ARM.ActiveCfg = Release|ARM
		{6CCDE05E-39E0-433B-BDB3-D17E7B48F541}.AppStore|ARM.Build.0 = Release|ARM
		{6CCDE05E-39E0-433B-BDB3-D17E7B48F541}.AppStore|ARM.Deploy.0 = Release|ARM
		{6CCDE05E-39E0-433B-BDB3-D17E7B48F541}.AppStore|iPhone.ActiveCfg = Release|x86
		{6CCDE05E-39E0-433B-BDB3-D17E7B48F541}.AppStore|iPhone.Build.0 = Release|x86
		{6CCDE05E-39E0-433B-BDB3-D17E7B48F541}.AppStore|iPhone.Deploy.0 = Release|x86
		{6CCDE05E-39E0-433B-BDB3-D17E7B48F541}.AppStore|iPhoneSimulator.ActiveCfg = Release|x86
		{6CCDE05E-39E0-433B-BDB3-D17E7B48F541}.AppStore|iPhoneSimulator.Build.0 = Release|x86
		{6CCDE05E-39E0-433B-BDB3-D17E7B48F541}.AppStore|iPhoneSimulator.Deploy.0 = Release|x86
		{6CCDE05E-39E0-433B-BDB3-D17E7B48F541}.AppStore|x64.ActiveCfg = Release|x64
		{6CCDE05E-39E0-433B-BDB3-D17E7B48F541}.AppStore|x64.Build.0 = Release|x64
		{6CCDE05E-39E0-433B-BDB3-D17E7B48F541}.AppStore|x64.Deploy.0 = Release|x64
		{6CCDE05E-39E0-433B-BDB3-D17E7B48F541}.AppStore|x86.ActiveCfg = Release|x86
		{6CCDE05E-39E0-433B-BDB3-D17E7B48F541}.AppStore|x86.Build.0 = Release|x86
		{6CCDE05E-39E0-433B-BDB3-D17E7B48F541}.AppStore|x86.Deploy.0 = Release|x86
		{6CCDE05E-39E0-433B-BDB3-D17E7B48F541}.Debug|Any CPU.ActiveCfg = Debug|x86
		{6CCDE05E-39E0-433B-BDB3-D17E7B48F541}.Debug|Any CPU.Build.0 = Debug|x86
		{6CCDE05E-39E0-433B-BDB3-D17E7B48F541}.Debug|ARM.ActiveCfg = Debug|ARM
		{6CCDE05E-39E0-433B-BDB3-D17E7B48F541}.Debug|ARM.Build.0 = Debug|ARM
		{6CCDE05E-39E0-433B-BDB3-D17E7B48F541}.Debug|ARM.Deploy.0 = Debug|ARM
		{6CCDE05E-39E0-433B-BDB3-D17E7B48F541}.Debug|iPhone.ActiveCfg = Debug|x86
		{6CCDE05E-39E0-433B-BDB3-D17E7B48F541}.Debug|iPhone.Build.0 = Debug|x86
		{6CCDE05E-39E0-433B-BDB3-D17E7B48F541}.Debug|iPhoneSimulator.ActiveCfg = Debug|x86
		{6CCDE05E-39E0-433B-BDB3-D17E7B48F541}.Debug|x64.ActiveCfg = Debug|x64
		{6CCDE05E-39E0-433B-BDB3-D17E7B48F541}.Debug|x64.Build.0 = Debug|x64
		{6CCDE05E-39E0-433B-BDB3-D17E7B48F541}.Debug|x64.Deploy.0 = Debug|x64
		{6CCDE05E-39E0-433B-BDB3-D17E7B48F541}.Debug|x86.ActiveCfg = Debug|x86
		{6CCDE05E-39E0-433B-BDB3-D17E7B48F541}.Debug|x86.Build.0 = Debug|x86
		{6CCDE05E-39E0-433B-BDB3-D17E7B48F541}.Debug|x86.Deploy.0 = Debug|x86
		{6CCDE05E-39E0-433B-BDB3-D17E7B48F541}.Release|Any CPU.ActiveCfg = Release|x86
		{6CCDE05E-39E0-433B-BDB3-D17E7B48F541}.Release|ARM.ActiveCfg = Release|ARM
		{6CCDE05E-39E0-433B-BDB3-D17E7B48F541}.Release|ARM.Build.0 = Release|ARM
		{6CCDE05E-39E0-433B-BDB3-D17E7B48F541}.Release|ARM.Deploy.0 = Release|ARM
		{6CCDE05E-39E0-433B-BDB3-D17E7B48F541}.Release|iPhone.ActiveCfg = Release|x86
		{6CCDE05E-39E0-433B-BDB3-D17E7B48F541}.Release|iPhoneSimulator.ActiveCfg = Release|x86
		{6CCDE05E-39E0-433B-BDB3-D17E7B48F541}.Release|x64.ActiveCfg = Release|x64
		{6CCDE05E-39E0-433B-BDB3-D17E7B48F541}.Release|x64.Build.0 = Release|x64
		{6CCDE05E-39E0-433B-BDB3-D17E7B48F541}.Release|x64.Deploy.0 = Release|x64
		{6CCDE05E-39E0-433B-BDB3-D17E7B48F541}.Release|x86.ActiveCfg = Release|x86
		{6CCDE05E-39E0-433B-BDB3-D17E7B48F541}.Release|x86.Build.0 = Release|x86
		{6CCDE05E-39E0-433B-BDB3-D17E7B48F541}.Release|x86.Deploy.0 = Release|x86
		{70933ADB-F996-46AA-8296-0F6A6A762300}.Ad-Hoc|Any CPU.ActiveCfg = Debug|Any CPU
		{70933ADB-F996-46AA-8296-0F6A6A762300}.Ad-Hoc|Any CPU.Build.0 = Debug|Any CPU
		{70933ADB-F996-46AA-8296-0F6A6A762300}.Ad-Hoc|ARM.ActiveCfg = Debug|Any CPU
		{70933ADB-F996-46AA-8296-0F6A6A762300}.Ad-Hoc|ARM.Build.0 = Debug|Any CPU
		{70933ADB-F996-46AA-8296-0F6A6A762300}.Ad-Hoc|iPhone.ActiveCfg = Debug|Any CPU
		{70933ADB-F996-46AA-8296-0F6A6A762300}.Ad-Hoc|iPhone.Build.0 = Debug|Any CPU
		{70933ADB-F996-46AA-8296-0F6A6A762300}.Ad-Hoc|iPhoneSimulator.ActiveCfg = Debug|Any CPU
		{70933ADB-F996-46AA-8296-0F6A6A762300}.Ad-Hoc|iPhoneSimulator.Build.0 = Debug|Any CPU
		{70933ADB-F996-46AA-8296-0F6A6A762300}.Ad-Hoc|x64.ActiveCfg = Debug|Any CPU
		{70933ADB-F996-46AA-8296-0F6A6A762300}.Ad-Hoc|x64.Build.0 = Debug|Any CPU
		{70933ADB-F996-46AA-8296-0F6A6A762300}.Ad-Hoc|x86.ActiveCfg = Debug|Any CPU
		{70933ADB-F996-46AA-8296-0F6A6A762300}.Ad-Hoc|x86.Build.0 = Debug|Any CPU
		{70933ADB-F996-46AA-8296-0F6A6A762300}.AppStore|Any CPU.ActiveCfg = Debug|Any CPU
		{70933ADB-F996-46AA-8296-0F6A6A762300}.AppStore|Any CPU.Build.0 = Debug|Any CPU
		{70933ADB-F996-46AA-8296-0F6A6A762300}.AppStore|ARM.ActiveCfg = Debug|Any CPU
		{70933ADB-F996-46AA-8296-0F6A6A762300}.AppStore|ARM.Build.0 = Debug|Any CPU
		{70933ADB-F996-46AA-8296-0F6A6A762300}.AppStore|iPhone.ActiveCfg = Debug|Any CPU
		{70933ADB-F996-46AA-8296-0F6A6A762300}.AppStore|iPhone.Build.0 = Debug|Any CPU
		{70933ADB-F996-46AA-8296-0F6A6A762300}.AppStore|iPhoneSimulator.ActiveCfg = Debug|Any CPU
		{70933ADB-F996-46AA-8296-0F6A6A762300}.AppStore|iPhoneSimulator.Build.0 = Debug|Any CPU
		{70933ADB-F996-46AA-8296-0F6A6A762300}.AppStore|x64.ActiveCfg = Debug|Any CPU
		{70933ADB-F996-46AA-8296-0F6A6A762300}.AppStore|x64.Build.0 = Debug|Any CPU
		{70933ADB-F996-46AA-8296-0F6A6A762300}.AppStore|x86.ActiveCfg = Debug|Any CPU
		{70933ADB-F996-46AA-8296-0F6A6A762300}.AppStore|x86.Build.0 = Debug|Any CPU
		{70933ADB-F996-46AA-8296-0F6A6A762300}.Debug|Any CPU.ActiveCfg = Debug|Any CPU
		{70933ADB-F996-46AA-8296-0F6A6A762300}.Debug|Any CPU.Build.0 = Debug|Any CPU
		{70933ADB-F996-46AA-8296-0F6A6A762300}.Debug|ARM.ActiveCfg = Debug|Any CPU
		{70933ADB-F996-46AA-8296-0F6A6A762300}.Debug|ARM.Build.0 = Debug|Any CPU
		{70933ADB-F996-46AA-8296-0F6A6A762300}.Debug|iPhone.ActiveCfg = Debug|Any CPU
		{70933ADB-F996-46AA-8296-0F6A6A762300}.Debug|iPhone.Build.0 = Debug|Any CPU
		{70933ADB-F996-46AA-8296-0F6A6A762300}.Debug|iPhoneSimulator.ActiveCfg = Debug|Any CPU
		{70933ADB-F996-46AA-8296-0F6A6A762300}.Debug|iPhoneSimulator.Build.0 = Debug|Any CPU
		{70933ADB-F996-46AA-8296-0F6A6A762300}.Debug|x64.ActiveCfg = Debug|Any CPU
		{70933ADB-F996-46AA-8296-0F6A6A762300}.Debug|x64.Build.0 = Debug|Any CPU
		{70933ADB-F996-46AA-8296-0F6A6A762300}.Debug|x86.ActiveCfg = Debug|Any CPU
		{70933ADB-F996-46AA-8296-0F6A6A762300}.Debug|x86.Build.0 = Debug|Any CPU
		{70933ADB-F996-46AA-8296-0F6A6A762300}.Release|Any CPU.ActiveCfg = Release|Any CPU
		{70933ADB-F996-46AA-8296-0F6A6A762300}.Release|Any CPU.Build.0 = Release|Any CPU
		{70933ADB-F996-46AA-8296-0F6A6A762300}.Release|ARM.ActiveCfg = Release|Any CPU
		{70933ADB-F996-46AA-8296-0F6A6A762300}.Release|ARM.Build.0 = Release|Any CPU
		{70933ADB-F996-46AA-8296-0F6A6A762300}.Release|iPhone.ActiveCfg = Release|Any CPU
		{70933ADB-F996-46AA-8296-0F6A6A762300}.Release|iPhone.Build.0 = Release|Any CPU
		{70933ADB-F996-46AA-8296-0F6A6A762300}.Release|iPhoneSimulator.ActiveCfg = Release|Any CPU
		{70933ADB-F996-46AA-8296-0F6A6A762300}.Release|iPhoneSimulator.Build.0 = Release|Any CPU
		{70933ADB-F996-46AA-8296-0F6A6A762300}.Release|x64.ActiveCfg = Release|Any CPU
		{70933ADB-F996-46AA-8296-0F6A6A762300}.Release|x64.Build.0 = Release|Any CPU
		{70933ADB-F996-46AA-8296-0F6A6A762300}.Release|x86.ActiveCfg = Release|Any CPU
		{70933ADB-F996-46AA-8296-0F6A6A762300}.Release|x86.Build.0 = Release|Any CPU
		{B5EFB0CD-EF3E-4549-B9ED-2B73AA150E38}.Ad-Hoc|Any CPU.ActiveCfg = Release|Any CPU
		{B5EFB0CD-EF3E-4549-B9ED-2B73AA150E38}.Ad-Hoc|Any CPU.Build.0 = Release|Any CPU
		{B5EFB0CD-EF3E-4549-B9ED-2B73AA150E38}.Ad-Hoc|ARM.ActiveCfg = Release|Any CPU
		{B5EFB0CD-EF3E-4549-B9ED-2B73AA150E38}.Ad-Hoc|ARM.Build.0 = Release|Any CPU
		{B5EFB0CD-EF3E-4549-B9ED-2B73AA150E38}.Ad-Hoc|iPhone.ActiveCfg = Release|Any CPU
		{B5EFB0CD-EF3E-4549-B9ED-2B73AA150E38}.Ad-Hoc|iPhone.Build.0 = Release|Any CPU
		{B5EFB0CD-EF3E-4549-B9ED-2B73AA150E38}.Ad-Hoc|iPhoneSimulator.ActiveCfg = Release|Any CPU
		{B5EFB0CD-EF3E-4549-B9ED-2B73AA150E38}.Ad-Hoc|iPhoneSimulator.Build.0 = Release|Any CPU
		{B5EFB0CD-EF3E-4549-B9ED-2B73AA150E38}.Ad-Hoc|x64.ActiveCfg = Release|Any CPU
		{B5EFB0CD-EF3E-4549-B9ED-2B73AA150E38}.Ad-Hoc|x64.Build.0 = Release|Any CPU
		{B5EFB0CD-EF3E-4549-B9ED-2B73AA150E38}.Ad-Hoc|x86.ActiveCfg = Release|Any CPU
		{B5EFB0CD-EF3E-4549-B9ED-2B73AA150E38}.Ad-Hoc|x86.Build.0 = Release|Any CPU
		{B5EFB0CD-EF3E-4549-B9ED-2B73AA150E38}.AppStore|Any CPU.ActiveCfg = Release|Any CPU
		{B5EFB0CD-EF3E-4549-B9ED-2B73AA150E38}.AppStore|Any CPU.Build.0 = Release|Any CPU
		{B5EFB0CD-EF3E-4549-B9ED-2B73AA150E38}.AppStore|ARM.ActiveCfg = Release|Any CPU
		{B5EFB0CD-EF3E-4549-B9ED-2B73AA150E38}.AppStore|ARM.Build.0 = Release|Any CPU
		{B5EFB0CD-EF3E-4549-B9ED-2B73AA150E38}.AppStore|iPhone.ActiveCfg = Release|Any CPU
		{B5EFB0CD-EF3E-4549-B9ED-2B73AA150E38}.AppStore|iPhone.Build.0 = Release|Any CPU
		{B5EFB0CD-EF3E-4549-B9ED-2B73AA150E38}.AppStore|iPhoneSimulator.ActiveCfg = Release|Any CPU
		{B5EFB0CD-EF3E-4549-B9ED-2B73AA150E38}.AppStore|iPhoneSimulator.Build.0 = Release|Any CPU
		{B5EFB0CD-EF3E-4549-B9ED-2B73AA150E38}.AppStore|x64.ActiveCfg = Release|Any CPU
		{B5EFB0CD-EF3E-4549-B9ED-2B73AA150E38}.AppStore|x64.Build.0 = Release|Any CPU
		{B5EFB0CD-EF3E-4549-B9ED-2B73AA150E38}.AppStore|x86.ActiveCfg = Release|Any CPU
		{B5EFB0CD-EF3E-4549-B9ED-2B73AA150E38}.AppStore|x86.Build.0 = Release|Any CPU
		{B5EFB0CD-EF3E-4549-B9ED-2B73AA150E38}.Debug|Any CPU.ActiveCfg = Debug|Any CPU
		{B5EFB0CD-EF3E-4549-B9ED-2B73AA150E38}.Debug|Any CPU.Build.0 = Debug|Any CPU
		{B5EFB0CD-EF3E-4549-B9ED-2B73AA150E38}.Debug|ARM.ActiveCfg = Debug|Any CPU
		{B5EFB0CD-EF3E-4549-B9ED-2B73AA150E38}.Debug|ARM.Build.0 = Debug|Any CPU
		{B5EFB0CD-EF3E-4549-B9ED-2B73AA150E38}.Debug|iPhone.ActiveCfg = Debug|Any CPU
		{B5EFB0CD-EF3E-4549-B9ED-2B73AA150E38}.Debug|iPhone.Build.0 = Debug|Any CPU
		{B5EFB0CD-EF3E-4549-B9ED-2B73AA150E38}.Debug|iPhoneSimulator.ActiveCfg = Debug|Any CPU
		{B5EFB0CD-EF3E-4549-B9ED-2B73AA150E38}.Debug|iPhoneSimulator.Build.0 = Debug|Any CPU
		{B5EFB0CD-EF3E-4549-B9ED-2B73AA150E38}.Debug|x64.ActiveCfg = Debug|Any CPU
		{B5EFB0CD-EF3E-4549-B9ED-2B73AA150E38}.Debug|x64.Build.0 = Debug|Any CPU
		{B5EFB0CD-EF3E-4549-B9ED-2B73AA150E38}.Debug|x86.ActiveCfg = Debug|Any CPU
		{B5EFB0CD-EF3E-4549-B9ED-2B73AA150E38}.Debug|x86.Build.0 = Debug|Any CPU
		{B5EFB0CD-EF3E-4549-B9ED-2B73AA150E38}.Release|Any CPU.ActiveCfg = Release|Any CPU
		{B5EFB0CD-EF3E-4549-B9ED-2B73AA150E38}.Release|Any CPU.Build.0 = Release|Any CPU
		{B5EFB0CD-EF3E-4549-B9ED-2B73AA150E38}.Release|ARM.ActiveCfg = Release|Any CPU
		{B5EFB0CD-EF3E-4549-B9ED-2B73AA150E38}.Release|ARM.Build.0 = Release|Any CPU
		{B5EFB0CD-EF3E-4549-B9ED-2B73AA150E38}.Release|iPhone.ActiveCfg = Release|Any CPU
		{B5EFB0CD-EF3E-4549-B9ED-2B73AA150E38}.Release|iPhone.Build.0 = Release|Any CPU
		{B5EFB0CD-EF3E-4549-B9ED-2B73AA150E38}.Release|iPhoneSimulator.ActiveCfg = Release|Any CPU
		{B5EFB0CD-EF3E-4549-B9ED-2B73AA150E38}.Release|iPhoneSimulator.Build.0 = Release|Any CPU
		{B5EFB0CD-EF3E-4549-B9ED-2B73AA150E38}.Release|x64.ActiveCfg = Release|Any CPU
		{B5EFB0CD-EF3E-4549-B9ED-2B73AA150E38}.Release|x64.Build.0 = Release|Any CPU
		{B5EFB0CD-EF3E-4549-B9ED-2B73AA150E38}.Release|x86.ActiveCfg = Release|Any CPU
		{B5EFB0CD-EF3E-4549-B9ED-2B73AA150E38}.Release|x86.Build.0 = Release|Any CPU
		{9CD66AAD-296D-4BB5-BCD8-F32FC3A49AF0}.Ad-Hoc|Any CPU.ActiveCfg = Debug|Any CPU
		{9CD66AAD-296D-4BB5-BCD8-F32FC3A49AF0}.Ad-Hoc|Any CPU.Build.0 = Debug|Any CPU
		{9CD66AAD-296D-4BB5-BCD8-F32FC3A49AF0}.Ad-Hoc|ARM.ActiveCfg = Debug|Any CPU
		{9CD66AAD-296D-4BB5-BCD8-F32FC3A49AF0}.Ad-Hoc|ARM.Build.0 = Debug|Any CPU
		{9CD66AAD-296D-4BB5-BCD8-F32FC3A49AF0}.Ad-Hoc|iPhone.ActiveCfg = Debug|Any CPU
		{9CD66AAD-296D-4BB5-BCD8-F32FC3A49AF0}.Ad-Hoc|iPhone.Build.0 = Debug|Any CPU
		{9CD66AAD-296D-4BB5-BCD8-F32FC3A49AF0}.Ad-Hoc|iPhoneSimulator.ActiveCfg = Debug|Any CPU
		{9CD66AAD-296D-4BB5-BCD8-F32FC3A49AF0}.Ad-Hoc|iPhoneSimulator.Build.0 = Debug|Any CPU
		{9CD66AAD-296D-4BB5-BCD8-F32FC3A49AF0}.Ad-Hoc|x64.ActiveCfg = Debug|Any CPU
		{9CD66AAD-296D-4BB5-BCD8-F32FC3A49AF0}.Ad-Hoc|x64.Build.0 = Debug|Any CPU
		{9CD66AAD-296D-4BB5-BCD8-F32FC3A49AF0}.Ad-Hoc|x86.ActiveCfg = Debug|Any CPU
		{9CD66AAD-296D-4BB5-BCD8-F32FC3A49AF0}.Ad-Hoc|x86.Build.0 = Debug|Any CPU
		{9CD66AAD-296D-4BB5-BCD8-F32FC3A49AF0}.AppStore|Any CPU.ActiveCfg = Debug|Any CPU
		{9CD66AAD-296D-4BB5-BCD8-F32FC3A49AF0}.AppStore|Any CPU.Build.0 = Debug|Any CPU
		{9CD66AAD-296D-4BB5-BCD8-F32FC3A49AF0}.AppStore|ARM.ActiveCfg = Debug|Any CPU
		{9CD66AAD-296D-4BB5-BCD8-F32FC3A49AF0}.AppStore|ARM.Build.0 = Debug|Any CPU
		{9CD66AAD-296D-4BB5-BCD8-F32FC3A49AF0}.AppStore|iPhone.ActiveCfg = Debug|Any CPU
		{9CD66AAD-296D-4BB5-BCD8-F32FC3A49AF0}.AppStore|iPhone.Build.0 = Debug|Any CPU
		{9CD66AAD-296D-4BB5-BCD8-F32FC3A49AF0}.AppStore|iPhoneSimulator.ActiveCfg = Debug|Any CPU
		{9CD66AAD-296D-4BB5-BCD8-F32FC3A49AF0}.AppStore|iPhoneSimulator.Build.0 = Debug|Any CPU
		{9CD66AAD-296D-4BB5-BCD8-F32FC3A49AF0}.AppStore|x64.ActiveCfg = Debug|Any CPU
		{9CD66AAD-296D-4BB5-BCD8-F32FC3A49AF0}.AppStore|x64.Build.0 = Debug|Any CPU
		{9CD66AAD-296D-4BB5-BCD8-F32FC3A49AF0}.AppStore|x86.ActiveCfg = Debug|Any CPU
		{9CD66AAD-296D-4BB5-BCD8-F32FC3A49AF0}.AppStore|x86.Build.0 = Debug|Any CPU
		{9CD66AAD-296D-4BB5-BCD8-F32FC3A49AF0}.Debug|Any CPU.ActiveCfg = Debug|Any CPU
		{9CD66AAD-296D-4BB5-BCD8-F32FC3A49AF0}.Debug|Any CPU.Build.0 = Debug|Any CPU
		{9CD66AAD-296D-4BB5-BCD8-F32FC3A49AF0}.Debug|ARM.ActiveCfg = Debug|Any CPU
		{9CD66AAD-296D-4BB5-BCD8-F32FC3A49AF0}.Debug|ARM.Build.0 = Debug|Any CPU
		{9CD66AAD-296D-4BB5-BCD8-F32FC3A49AF0}.Debug|iPhone.ActiveCfg = Debug|Any CPU
		{9CD66AAD-296D-4BB5-BCD8-F32FC3A49AF0}.Debug|iPhone.Build.0 = Debug|Any CPU
		{9CD66AAD-296D-4BB5-BCD8-F32FC3A49AF0}.Debug|iPhoneSimulator.ActiveCfg = Debug|Any CPU
		{9CD66AAD-296D-4BB5-BCD8-F32FC3A49AF0}.Debug|iPhoneSimulator.Build.0 = Debug|Any CPU
		{9CD66AAD-296D-4BB5-BCD8-F32FC3A49AF0}.Debug|x64.ActiveCfg = Debug|Any CPU
		{9CD66AAD-296D-4BB5-BCD8-F32FC3A49AF0}.Debug|x64.Build.0 = Debug|Any CPU
		{9CD66AAD-296D-4BB5-BCD8-F32FC3A49AF0}.Debug|x86.ActiveCfg = Debug|Any CPU
		{9CD66AAD-296D-4BB5-BCD8-F32FC3A49AF0}.Debug|x86.Build.0 = Debug|Any CPU
		{9CD66AAD-296D-4BB5-BCD8-F32FC3A49AF0}.Release|Any CPU.ActiveCfg = Release|Any CPU
		{9CD66AAD-296D-4BB5-BCD8-F32FC3A49AF0}.Release|Any CPU.Build.0 = Release|Any CPU
		{9CD66AAD-296D-4BB5-BCD8-F32FC3A49AF0}.Release|ARM.ActiveCfg = Release|Any CPU
		{9CD66AAD-296D-4BB5-BCD8-F32FC3A49AF0}.Release|ARM.Build.0 = Release|Any CPU
		{9CD66AAD-296D-4BB5-BCD8-F32FC3A49AF0}.Release|iPhone.ActiveCfg = Release|Any CPU
		{9CD66AAD-296D-4BB5-BCD8-F32FC3A49AF0}.Release|iPhone.Build.0 = Release|Any CPU
		{9CD66AAD-296D-4BB5-BCD8-F32FC3A49AF0}.Release|iPhoneSimulator.ActiveCfg = Release|Any CPU
		{9CD66AAD-296D-4BB5-BCD8-F32FC3A49AF0}.Release|iPhoneSimulator.Build.0 = Release|Any CPU
		{9CD66AAD-296D-4BB5-BCD8-F32FC3A49AF0}.Release|x64.ActiveCfg = Release|Any CPU
		{9CD66AAD-296D-4BB5-BCD8-F32FC3A49AF0}.Release|x64.Build.0 = Release|Any CPU
		{9CD66AAD-296D-4BB5-BCD8-F32FC3A49AF0}.Release|x86.ActiveCfg = Release|Any CPU
		{9CD66AAD-296D-4BB5-BCD8-F32FC3A49AF0}.Release|x86.Build.0 = Release|Any CPU
		{1EE208A5-CD31-4CF0-83E4-C3141CD11CC1}.Ad-Hoc|Any CPU.ActiveCfg = Debug|Any CPU
		{1EE208A5-CD31-4CF0-83E4-C3141CD11CC1}.Ad-Hoc|Any CPU.Build.0 = Debug|Any CPU
		{1EE208A5-CD31-4CF0-83E4-C3141CD11CC1}.Ad-Hoc|ARM.ActiveCfg = Debug|Any CPU
		{1EE208A5-CD31-4CF0-83E4-C3141CD11CC1}.Ad-Hoc|ARM.Build.0 = Debug|Any CPU
		{1EE208A5-CD31-4CF0-83E4-C3141CD11CC1}.Ad-Hoc|iPhone.ActiveCfg = Debug|Any CPU
		{1EE208A5-CD31-4CF0-83E4-C3141CD11CC1}.Ad-Hoc|iPhone.Build.0 = Debug|Any CPU
		{1EE208A5-CD31-4CF0-83E4-C3141CD11CC1}.Ad-Hoc|iPhoneSimulator.ActiveCfg = Debug|Any CPU
		{1EE208A5-CD31-4CF0-83E4-C3141CD11CC1}.Ad-Hoc|iPhoneSimulator.Build.0 = Debug|Any CPU
		{1EE208A5-CD31-4CF0-83E4-C3141CD11CC1}.Ad-Hoc|x64.ActiveCfg = Debug|Any CPU
		{1EE208A5-CD31-4CF0-83E4-C3141CD11CC1}.Ad-Hoc|x64.Build.0 = Debug|Any CPU
		{1EE208A5-CD31-4CF0-83E4-C3141CD11CC1}.Ad-Hoc|x86.ActiveCfg = Debug|Any CPU
		{1EE208A5-CD31-4CF0-83E4-C3141CD11CC1}.Ad-Hoc|x86.Build.0 = Debug|Any CPU
		{1EE208A5-CD31-4CF0-83E4-C3141CD11CC1}.AppStore|Any CPU.ActiveCfg = Debug|Any CPU
		{1EE208A5-CD31-4CF0-83E4-C3141CD11CC1}.AppStore|Any CPU.Build.0 = Debug|Any CPU
		{1EE208A5-CD31-4CF0-83E4-C3141CD11CC1}.AppStore|ARM.ActiveCfg = Debug|Any CPU
		{1EE208A5-CD31-4CF0-83E4-C3141CD11CC1}.AppStore|ARM.Build.0 = Debug|Any CPU
		{1EE208A5-CD31-4CF0-83E4-C3141CD11CC1}.AppStore|iPhone.ActiveCfg = Debug|Any CPU
		{1EE208A5-CD31-4CF0-83E4-C3141CD11CC1}.AppStore|iPhone.Build.0 = Debug|Any CPU
		{1EE208A5-CD31-4CF0-83E4-C3141CD11CC1}.AppStore|iPhoneSimulator.ActiveCfg = Debug|Any CPU
		{1EE208A5-CD31-4CF0-83E4-C3141CD11CC1}.AppStore|iPhoneSimulator.Build.0 = Debug|Any CPU
		{1EE208A5-CD31-4CF0-83E4-C3141CD11CC1}.AppStore|x64.ActiveCfg = Debug|Any CPU
		{1EE208A5-CD31-4CF0-83E4-C3141CD11CC1}.AppStore|x64.Build.0 = Debug|Any CPU
		{1EE208A5-CD31-4CF0-83E4-C3141CD11CC1}.AppStore|x86.ActiveCfg = Debug|Any CPU
		{1EE208A5-CD31-4CF0-83E4-C3141CD11CC1}.AppStore|x86.Build.0 = Debug|Any CPU
		{1EE208A5-CD31-4CF0-83E4-C3141CD11CC1}.Debug|Any CPU.ActiveCfg = Debug|Any CPU
		{1EE208A5-CD31-4CF0-83E4-C3141CD11CC1}.Debug|Any CPU.Build.0 = Debug|Any CPU
		{1EE208A5-CD31-4CF0-83E4-C3141CD11CC1}.Debug|ARM.ActiveCfg = Debug|Any CPU
		{1EE208A5-CD31-4CF0-83E4-C3141CD11CC1}.Debug|ARM.Build.0 = Debug|Any CPU
		{1EE208A5-CD31-4CF0-83E4-C3141CD11CC1}.Debug|iPhone.ActiveCfg = Debug|Any CPU
		{1EE208A5-CD31-4CF0-83E4-C3141CD11CC1}.Debug|iPhone.Build.0 = Debug|Any CPU
		{1EE208A5-CD31-4CF0-83E4-C3141CD11CC1}.Debug|iPhoneSimulator.ActiveCfg = Debug|Any CPU
		{1EE208A5-CD31-4CF0-83E4-C3141CD11CC1}.Debug|iPhoneSimulator.Build.0 = Debug|Any CPU
		{1EE208A5-CD31-4CF0-83E4-C3141CD11CC1}.Debug|x64.ActiveCfg = Debug|Any CPU
		{1EE208A5-CD31-4CF0-83E4-C3141CD11CC1}.Debug|x64.Build.0 = Debug|Any CPU
		{1EE208A5-CD31-4CF0-83E4-C3141CD11CC1}.Debug|x86.ActiveCfg = Debug|Any CPU
		{1EE208A5-CD31-4CF0-83E4-C3141CD11CC1}.Debug|x86.Build.0 = Debug|Any CPU
		{1EE208A5-CD31-4CF0-83E4-C3141CD11CC1}.Release|Any CPU.ActiveCfg = Release|Any CPU
		{1EE208A5-CD31-4CF0-83E4-C3141CD11CC1}.Release|Any CPU.Build.0 = Release|Any CPU
		{1EE208A5-CD31-4CF0-83E4-C3141CD11CC1}.Release|ARM.ActiveCfg = Release|Any CPU
		{1EE208A5-CD31-4CF0-83E4-C3141CD11CC1}.Release|ARM.Build.0 = Release|Any CPU
		{1EE208A5-CD31-4CF0-83E4-C3141CD11CC1}.Release|iPhone.ActiveCfg = Release|Any CPU
		{1EE208A5-CD31-4CF0-83E4-C3141CD11CC1}.Release|iPhone.Build.0 = Release|Any CPU
		{1EE208A5-CD31-4CF0-83E4-C3141CD11CC1}.Release|iPhoneSimulator.ActiveCfg = Release|Any CPU
		{1EE208A5-CD31-4CF0-83E4-C3141CD11CC1}.Release|iPhoneSimulator.Build.0 = Release|Any CPU
		{1EE208A5-CD31-4CF0-83E4-C3141CD11CC1}.Release|x64.ActiveCfg = Release|Any CPU
		{1EE208A5-CD31-4CF0-83E4-C3141CD11CC1}.Release|x64.Build.0 = Release|Any CPU
		{1EE208A5-CD31-4CF0-83E4-C3141CD11CC1}.Release|x86.ActiveCfg = Release|Any CPU
		{1EE208A5-CD31-4CF0-83E4-C3141CD11CC1}.Release|x86.Build.0 = Release|Any CPU
		{00F8ED97-50EF-4C1C-841C-9A0D61FD9949}.Ad-Hoc|Any CPU.ActiveCfg = Debug|Any CPU
		{00F8ED97-50EF-4C1C-841C-9A0D61FD9949}.Ad-Hoc|Any CPU.Build.0 = Debug|Any CPU
		{00F8ED97-50EF-4C1C-841C-9A0D61FD9949}.Ad-Hoc|ARM.ActiveCfg = Debug|Any CPU
		{00F8ED97-50EF-4C1C-841C-9A0D61FD9949}.Ad-Hoc|ARM.Build.0 = Debug|Any CPU
		{00F8ED97-50EF-4C1C-841C-9A0D61FD9949}.Ad-Hoc|iPhone.ActiveCfg = Debug|Any CPU
		{00F8ED97-50EF-4C1C-841C-9A0D61FD9949}.Ad-Hoc|iPhone.Build.0 = Debug|Any CPU
		{00F8ED97-50EF-4C1C-841C-9A0D61FD9949}.Ad-Hoc|iPhoneSimulator.ActiveCfg = Debug|Any CPU
		{00F8ED97-50EF-4C1C-841C-9A0D61FD9949}.Ad-Hoc|iPhoneSimulator.Build.0 = Debug|Any CPU
		{00F8ED97-50EF-4C1C-841C-9A0D61FD9949}.Ad-Hoc|x64.ActiveCfg = Debug|Any CPU
		{00F8ED97-50EF-4C1C-841C-9A0D61FD9949}.Ad-Hoc|x64.Build.0 = Debug|Any CPU
		{00F8ED97-50EF-4C1C-841C-9A0D61FD9949}.Ad-Hoc|x86.ActiveCfg = Debug|Any CPU
		{00F8ED97-50EF-4C1C-841C-9A0D61FD9949}.Ad-Hoc|x86.Build.0 = Debug|Any CPU
		{00F8ED97-50EF-4C1C-841C-9A0D61FD9949}.AppStore|Any CPU.ActiveCfg = Debug|Any CPU
		{00F8ED97-50EF-4C1C-841C-9A0D61FD9949}.AppStore|Any CPU.Build.0 = Debug|Any CPU
		{00F8ED97-50EF-4C1C-841C-9A0D61FD9949}.AppStore|ARM.ActiveCfg = Debug|Any CPU
		{00F8ED97-50EF-4C1C-841C-9A0D61FD9949}.AppStore|ARM.Build.0 = Debug|Any CPU
		{00F8ED97-50EF-4C1C-841C-9A0D61FD9949}.AppStore|iPhone.ActiveCfg = Debug|Any CPU
		{00F8ED97-50EF-4C1C-841C-9A0D61FD9949}.AppStore|iPhone.Build.0 = Debug|Any CPU
		{00F8ED97-50EF-4C1C-841C-9A0D61FD9949}.AppStore|iPhoneSimulator.ActiveCfg = Debug|Any CPU
		{00F8ED97-50EF-4C1C-841C-9A0D61FD9949}.AppStore|iPhoneSimulator.Build.0 = Debug|Any CPU
		{00F8ED97-50EF-4C1C-841C-9A0D61FD9949}.AppStore|x64.ActiveCfg = Debug|Any CPU
		{00F8ED97-50EF-4C1C-841C-9A0D61FD9949}.AppStore|x64.Build.0 = Debug|Any CPU
		{00F8ED97-50EF-4C1C-841C-9A0D61FD9949}.AppStore|x86.ActiveCfg = Debug|Any CPU
		{00F8ED97-50EF-4C1C-841C-9A0D61FD9949}.AppStore|x86.Build.0 = Debug|Any CPU
		{00F8ED97-50EF-4C1C-841C-9A0D61FD9949}.Debug|Any CPU.ActiveCfg = Debug|Any CPU
		{00F8ED97-50EF-4C1C-841C-9A0D61FD9949}.Debug|Any CPU.Build.0 = Debug|Any CPU
		{00F8ED97-50EF-4C1C-841C-9A0D61FD9949}.Debug|ARM.ActiveCfg = Debug|Any CPU
		{00F8ED97-50EF-4C1C-841C-9A0D61FD9949}.Debug|ARM.Build.0 = Debug|Any CPU
		{00F8ED97-50EF-4C1C-841C-9A0D61FD9949}.Debug|iPhone.ActiveCfg = Debug|Any CPU
		{00F8ED97-50EF-4C1C-841C-9A0D61FD9949}.Debug|iPhone.Build.0 = Debug|Any CPU
		{00F8ED97-50EF-4C1C-841C-9A0D61FD9949}.Debug|iPhoneSimulator.ActiveCfg = Debug|Any CPU
		{00F8ED97-50EF-4C1C-841C-9A0D61FD9949}.Debug|iPhoneSimulator.Build.0 = Debug|Any CPU
		{00F8ED97-50EF-4C1C-841C-9A0D61FD9949}.Debug|x64.ActiveCfg = Debug|Any CPU
		{00F8ED97-50EF-4C1C-841C-9A0D61FD9949}.Debug|x64.Build.0 = Debug|Any CPU
		{00F8ED97-50EF-4C1C-841C-9A0D61FD9949}.Debug|x86.ActiveCfg = Debug|Any CPU
		{00F8ED97-50EF-4C1C-841C-9A0D61FD9949}.Debug|x86.Build.0 = Debug|Any CPU
		{00F8ED97-50EF-4C1C-841C-9A0D61FD9949}.Release|Any CPU.ActiveCfg = Release|Any CPU
		{00F8ED97-50EF-4C1C-841C-9A0D61FD9949}.Release|Any CPU.Build.0 = Release|Any CPU
		{00F8ED97-50EF-4C1C-841C-9A0D61FD9949}.Release|ARM.ActiveCfg = Release|Any CPU
		{00F8ED97-50EF-4C1C-841C-9A0D61FD9949}.Release|ARM.Build.0 = Release|Any CPU
		{00F8ED97-50EF-4C1C-841C-9A0D61FD9949}.Release|iPhone.ActiveCfg = Release|Any CPU
		{00F8ED97-50EF-4C1C-841C-9A0D61FD9949}.Release|iPhone.Build.0 = Release|Any CPU
		{00F8ED97-50EF-4C1C-841C-9A0D61FD9949}.Release|iPhoneSimulator.ActiveCfg = Release|Any CPU
		{00F8ED97-50EF-4C1C-841C-9A0D61FD9949}.Release|iPhoneSimulator.Build.0 = Release|Any CPU
		{00F8ED97-50EF-4C1C-841C-9A0D61FD9949}.Release|x64.ActiveCfg = Release|Any CPU
		{00F8ED97-50EF-4C1C-841C-9A0D61FD9949}.Release|x64.Build.0 = Release|Any CPU
		{00F8ED97-50EF-4C1C-841C-9A0D61FD9949}.Release|x86.ActiveCfg = Release|Any CPU
		{00F8ED97-50EF-4C1C-841C-9A0D61FD9949}.Release|x86.Build.0 = Release|Any CPU
	EndGlobalSection
	GlobalSection(SolutionProperties) = preSolution
		HideSolutionNode = FALSE
	EndGlobalSection
	GlobalSection(NestedProjects) = preSolution
		{B5EFB0CD-EF3E-4549-B9ED-2B73AA150E38} = {5E89E096-DBF0-48BC-A7D5-E209FF5E52BF}
		{9CD66AAD-296D-4BB5-BCD8-F32FC3A49AF0} = {5E89E096-DBF0-48BC-A7D5-E209FF5E52BF}
		{1EE208A5-CD31-4CF0-83E4-C3141CD11CC1} = {5E89E096-DBF0-48BC-A7D5-E209FF5E52BF}
	EndGlobalSection
	GlobalSection(ExtensibilityGlobals) = postSolution
		SolutionGuid = {55A6475B-926D-49FC-93BE-96AF04860CA5}
	EndGlobalSection
EndGlobal
